// !$*UTF8*$!
{
	archiveVersion = 1;
	classes = {
	};
	objectVersion = 50;
	objects = {

/* Begin PBXBuildFile section */
		377A36D9ADBF9C7B0B16CE2C /* Pods_baeminchan.framework in Frameworks */ = {isa = PBXBuildFile; fileRef = 0566EFF271CCA7B0A046D3BC /* Pods_baeminchan.framework */; };
		A758C53F2114342200C2DDC3 /* AppDelegate.swift in Sources */ = {isa = PBXBuildFile; fileRef = A758C53E2114342200C2DDC3 /* AppDelegate.swift */; };
		A758C5412114342200C2DDC3 /* ViewController.swift in Sources */ = {isa = PBXBuildFile; fileRef = A758C5402114342200C2DDC3 /* ViewController.swift */; };
		A758C5442114342200C2DDC3 /* Main.storyboard in Resources */ = {isa = PBXBuildFile; fileRef = A758C5422114342200C2DDC3 /* Main.storyboard */; };
		A758C5462114342400C2DDC3 /* Assets.xcassets in Resources */ = {isa = PBXBuildFile; fileRef = A758C5452114342400C2DDC3 /* Assets.xcassets */; };
		A758C5492114342400C2DDC3 /* LaunchScreen.storyboard in Resources */ = {isa = PBXBuildFile; fileRef = A758C5472114342400C2DDC3 /* LaunchScreen.storyboard */; };
		A758C551211434AD00C2DDC3 /* Login.storyboard in Resources */ = {isa = PBXBuildFile; fileRef = A758C550211434AD00C2DDC3 /* Login.storyboard */; };
		A758C5582114352A00C2DDC3 /* CollectionViewController.swift in Sources */ = {isa = PBXBuildFile; fileRef = A758C5572114352A00C2DDC3 /* CollectionViewController.swift */; };
		A758C55A2114361F00C2DDC3 /* Default-568h@2x.png in Resources */ = {isa = PBXBuildFile; fileRef = A758C5592114361E00C2DDC3 /* Default-568h@2x.png */; };
/* End PBXBuildFile section */

/* Begin PBXFileReference section */
		0566EFF271CCA7B0A046D3BC /* Pods_baeminchan.framework */ = {isa = PBXFileReference; explicitFileType = wrapper.framework; includeInIndex = 0; path = Pods_baeminchan.framework; sourceTree = BUILT_PRODUCTS_DIR; };
		A758C53B2114342200C2DDC3 /* baeminchan.app */ = {isa = PBXFileReference; explicitFileType = wrapper.application; includeInIndex = 0; path = baeminchan.app; sourceTree = BUILT_PRODUCTS_DIR; };
		A758C53E2114342200C2DDC3 /* AppDelegate.swift */ = {isa = PBXFileReference; lastKnownFileType = sourcecode.swift; path = AppDelegate.swift; sourceTree = "<group>"; };
		A758C5402114342200C2DDC3 /* ViewController.swift */ = {isa = PBXFileReference; lastKnownFileType = sourcecode.swift; path = ViewController.swift; sourceTree = "<group>"; };
		A758C5432114342200C2DDC3 /* Base */ = {isa = PBXFileReference; lastKnownFileType = file.storyboard; name = Base; path = Base.lproj/Main.storyboard; sourceTree = "<group>"; };
		A758C5452114342400C2DDC3 /* Assets.xcassets */ = {isa = PBXFileReference; lastKnownFileType = folder.assetcatalog; path = Assets.xcassets; sourceTree = "<group>"; };
		A758C5482114342400C2DDC3 /* Base */ = {isa = PBXFileReference; lastKnownFileType = file.storyboard; name = Base; path = Base.lproj/LaunchScreen.storyboard; sourceTree = "<group>"; };
		A758C54A2114342400C2DDC3 /* Info.plist */ = {isa = PBXFileReference; lastKnownFileType = text.plist.xml; path = Info.plist; sourceTree = "<group>"; };
		A758C550211434AD00C2DDC3 /* Login.storyboard */ = {isa = PBXFileReference; lastKnownFileType = file.storyboard; path = Login.storyboard; sourceTree = "<group>"; };
		A758C5572114352A00C2DDC3 /* CollectionViewController.swift */ = {isa = PBXFileReference; lastKnownFileType = sourcecode.swift; path = CollectionViewController.swift; sourceTree = "<group>"; };
		A758C5592114361E00C2DDC3 /* Default-568h@2x.png */ = {isa = PBXFileReference; lastKnownFileType = image.png; path = "Default-568h@2x.png"; sourceTree = "<group>"; };
		D5E6CB7301A410546515447F /* Pods-baeminchan.debug.xcconfig */ = {isa = PBXFileReference; includeInIndex = 1; lastKnownFileType = text.xcconfig; name = "Pods-baeminchan.debug.xcconfig"; path = "Pods/Target Support Files/Pods-baeminchan/Pods-baeminchan.debug.xcconfig"; sourceTree = "<group>"; };
		ECD9BE8317C34DD15381FDAA /* Pods-baeminchan.release.xcconfig */ = {isa = PBXFileReference; includeInIndex = 1; lastKnownFileType = text.xcconfig; name = "Pods-baeminchan.release.xcconfig"; path = "Pods/Target Support Files/Pods-baeminchan/Pods-baeminchan.release.xcconfig"; sourceTree = "<group>"; };
/* End PBXFileReference section */

/* Begin PBXFrameworksBuildPhase section */
		A758C5382114342200C2DDC3 /* Frameworks */ = {
			isa = PBXFrameworksBuildPhase;
			buildActionMask = 2147483647;
			files = (
				377A36D9ADBF9C7B0B16CE2C /* Pods_baeminchan.framework in Frameworks */,
			);
			runOnlyForDeploymentPostprocessing = 0;
		};
/* End PBXFrameworksBuildPhase section */

/* Begin PBXGroup section */
		22898F12E8819B8969E6A86B /* Frameworks */ = {
			isa = PBXGroup;
			children = (
				0566EFF271CCA7B0A046D3BC /* Pods_baeminchan.framework */,
			);
			name = Frameworks;
			sourceTree = "<group>";
		};
		A580A3876E5E79BD173EE28E /* Pods */ = {
			isa = PBXGroup;
			children = (
				D5E6CB7301A410546515447F /* Pods-baeminchan.debug.xcconfig */,
				ECD9BE8317C34DD15381FDAA /* Pods-baeminchan.release.xcconfig */,
			);
			name = Pods;
			sourceTree = "<group>";
		};
		A758C5322114342200C2DDC3 = {
			isa = PBXGroup;
			children = (
				A758C5592114361E00C2DDC3 /* Default-568h@2x.png */,
				A758C53D2114342200C2DDC3 /* baeminchan */,
				A758C53C2114342200C2DDC3 /* Products */,
				A580A3876E5E79BD173EE28E /* Pods */,
				22898F12E8819B8969E6A86B /* Frameworks */,
			);
			sourceTree = "<group>";
		};
		A758C53C2114342200C2DDC3 /* Products */ = {
			isa = PBXGroup;
			children = (
				A758C53B2114342200C2DDC3 /* baeminchan.app */,
			);
			name = Products;
			sourceTree = "<group>";
		};
		A758C53D2114342200C2DDC3 /* baeminchan */ = {
			isa = PBXGroup;
			children = (
				A758C54A2114342400C2DDC3 /* Info.plist */,
				A758C555211434F500C2DDC3 /* View */,
				A758C556211434FF00C2DDC3 /* Source */,
				A758C554211434E700C2DDC3 /* VC */,
				A758C553211434D700C2DDC3 /* SupportFile */,
				A758C552211434B700C2DDC3 /* Storyboard */,
			);
			path = baeminchan;
			sourceTree = "<group>";
		};
		A758C552211434B700C2DDC3 /* Storyboard */ = {
			isa = PBXGroup;
			children = (
				A758C5422114342200C2DDC3 /* Main.storyboard */,
				A758C5472114342400C2DDC3 /* LaunchScreen.storyboard */,
				A758C550211434AD00C2DDC3 /* Login.storyboard */,
			);
			path = Storyboard;
			sourceTree = "<group>";
		};
		A758C553211434D700C2DDC3 /* SupportFile */ = {
			isa = PBXGroup;
			children = (
				A758C5452114342400C2DDC3 /* Assets.xcassets */,
			);
			path = SupportFile;
			sourceTree = "<group>";
		};
		A758C554211434E700C2DDC3 /* VC */ = {
			isa = PBXGroup;
			children = (
				A758C5402114342200C2DDC3 /* ViewController.swift */,
				A758C5572114352A00C2DDC3 /* CollectionViewController.swift */,
			);
			path = VC;
			sourceTree = "<group>";
		};
		A758C555211434F500C2DDC3 /* View */ = {
			isa = PBXGroup;
			children = (
			);
			path = View;
			sourceTree = "<group>";
		};
		A758C556211434FF00C2DDC3 /* Source */ = {
			isa = PBXGroup;
			children = (
				A758C53E2114342200C2DDC3 /* AppDelegate.swift */,
			);
			path = Source;
			sourceTree = "<group>";
		};
/* End PBXGroup section */

/* Begin PBXNativeTarget section */
		A758C53A2114342200C2DDC3 /* baeminchan */ = {
			isa = PBXNativeTarget;
			buildConfigurationList = A758C54D2114342400C2DDC3 /* Build configuration list for PBXNativeTarget "baeminchan" */;
			buildPhases = (
				CB1C90EFE6370A255DA0D60E /* [CP] Check Pods Manifest.lock */,
				A758C5372114342200C2DDC3 /* Sources */,
				A758C5382114342200C2DDC3 /* Frameworks */,
				A758C5392114342200C2DDC3 /* Resources */,
				ACDBDEAC311240EEDED23FA0 /* [CP] Embed Pods Frameworks */,
			);
			buildRules = (
			);
			dependencies = (
			);
			name = baeminchan;
			productName = baeminchan;
			productReference = A758C53B2114342200C2DDC3 /* baeminchan.app */;
			productType = "com.apple.product-type.application";
		};
/* End PBXNativeTarget section */

/* Begin PBXProject section */
		A758C5332114342200C2DDC3 /* Project object */ = {
			isa = PBXProject;
			attributes = {
				LastSwiftUpdateCheck = 0940;
				LastUpgradeCheck = 0940;
				ORGANIZATIONNAME = GoldenShoe;
				TargetAttributes = {
					A758C53A2114342200C2DDC3 = {
						CreatedOnToolsVersion = 9.4.1;
					};
				};
			};
			buildConfigurationList = A758C5362114342200C2DDC3 /* Build configuration list for PBXProject "baeminchan" */;
			compatibilityVersion = "Xcode 9.3";
			developmentRegion = en;
			hasScannedForEncodings = 0;
			knownRegions = (
				en,
				Base,
			);
			mainGroup = A758C5322114342200C2DDC3;
			productRefGroup = A758C53C2114342200C2DDC3 /* Products */;
			projectDirPath = "";
			projectRoot = "";
			targets = (
				A758C53A2114342200C2DDC3 /* baeminchan */,
			);
		};
/* End PBXProject section */

/* Begin PBXResourcesBuildPhase section */
		A758C5392114342200C2DDC3 /* Resources */ = {
			isa = PBXResourcesBuildPhase;
			buildActionMask = 2147483647;
			files = (
				A758C551211434AD00C2DDC3 /* Login.storyboard in Resources */,
				A758C5492114342400C2DDC3 /* LaunchScreen.storyboard in Resources */,
				A758C5462114342400C2DDC3 /* Assets.xcassets in Resources */,
				A758C55A2114361F00C2DDC3 /* Default-568h@2x.png in Resources */,
				A758C5442114342200C2DDC3 /* Main.storyboard in Resources */,
			);
			runOnlyForDeploymentPostprocessing = 0;
		};
/* End PBXResourcesBuildPhase section */

/* Begin PBXShellScriptBuildPhase section */
		ACDBDEAC311240EEDED23FA0 /* [CP] Embed Pods Frameworks */ = {
			isa = PBXShellScriptBuildPhase;
			buildActionMask = 2147483647;
			files = (
			);
			inputPaths = (
				"${SRCROOT}/Pods/Target Support Files/Pods-baeminchan/Pods-baeminchan-frameworks.sh",
				"${BUILT_PRODUCTS_DIR}/Alamofire/Alamofire.framework",
			);
			name = "[CP] Embed Pods Frameworks";
			outputPaths = (
				"${TARGET_BUILD_DIR}/${FRAMEWORKS_FOLDER_PATH}/Alamofire.framework",
			);
			runOnlyForDeploymentPostprocessing = 0;
			shellPath = /bin/sh;
			shellScript = "\"${SRCROOT}/Pods/Target Support Files/Pods-baeminchan/Pods-baeminchan-frameworks.sh\"\n";
			showEnvVarsInLog = 0;
		};
		CB1C90EFE6370A255DA0D60E /* [CP] Check Pods Manifest.lock */ = {
			isa = PBXShellScriptBuildPhase;
			buildActionMask = 2147483647;
			files = (
			);
			inputPaths = (
				"${PODS_PODFILE_DIR_PATH}/Podfile.lock",
				"${PODS_ROOT}/Manifest.lock",
			);
			name = "[CP] Check Pods Manifest.lock";
			outputPaths = (
				"$(DERIVED_FILE_DIR)/Pods-baeminchan-checkManifestLockResult.txt",
			);
			runOnlyForDeploymentPostprocessing = 0;
			shellPath = /bin/sh;
			shellScript = "diff \"${PODS_PODFILE_DIR_PATH}/Podfile.lock\" \"${PODS_ROOT}/Manifest.lock\" > /dev/null\nif [ $? != 0 ] ; then\n    # print error to STDERR\n    echo \"error: The sandbox is not in sync with the Podfile.lock. Run 'pod install' or update your CocoaPods installation.\" >&2\n    exit 1\nfi\n# This output is used by Xcode 'outputs' to avoid re-running this script phase.\necho \"SUCCESS\" > \"${SCRIPT_OUTPUT_FILE_0}\"\n";
			showEnvVarsInLog = 0;
		};
/* End PBXShellScriptBuildPhase section */

/* Begin PBXSourcesBuildPhase section */
		A758C5372114342200C2DDC3 /* Sources */ = {
			isa = PBXSourcesBuildPhase;
			buildActionMask = 2147483647;
			files = (
				A758C5582114352A00C2DDC3 /* CollectionViewController.swift in Sources */,
				A758C5412114342200C2DDC3 /* ViewController.swift in Sources */,
				A758C53F2114342200C2DDC3 /* AppDelegate.swift in Sources */,
			);
			runOnlyForDeploymentPostprocessing = 0;
		};
/* End PBXSourcesBuildPhase section */

/* Begin PBXVariantGroup section */
		A758C5422114342200C2DDC3 /* Main.storyboard */ = {
			isa = PBXVariantGroup;
			children = (
				A758C5432114342200C2DDC3 /* Base */,
			);
			name = Main.storyboard;
			sourceTree = "<group>";
		};
		A758C5472114342400C2DDC3 /* LaunchScreen.storyboard */ = {
			isa = PBXVariantGroup;
			children = (
				A758C5482114342400C2DDC3 /* Base */,
			);
			name = LaunchScreen.storyboard;
			sourceTree = "<group>";
		};
/* End PBXVariantGroup section */

/* Begin XCBuildConfiguration section */
		A758C54B2114342400C2DDC3 /* Debug */ = {
			isa = XCBuildConfiguration;
			buildSettings = {
				ALWAYS_SEARCH_USER_PATHS = NO;
				CLANG_ANALYZER_NONNULL = YES;
				CLANG_ANALYZER_NUMBER_OBJECT_CONVERSION = YES_AGGRESSIVE;
				CLANG_CXX_LANGUAGE_STANDARD = "gnu++14";
				CLANG_CXX_LIBRARY = "libc++";
				CLANG_ENABLE_MODULES = YES;
				CLANG_ENABLE_OBJC_ARC = YES;
				CLANG_ENABLE_OBJC_WEAK = YES;
				CLANG_WARN_BLOCK_CAPTURE_AUTORELEASING = YES;
				CLANG_WARN_BOOL_CONVERSION = YES;
				CLANG_WARN_COMMA = YES;
				CLANG_WARN_CONSTANT_CONVERSION = YES;
				CLANG_WARN_DEPRECATED_OBJC_IMPLEMENTATIONS = YES;
				CLANG_WARN_DIRECT_OBJC_ISA_USAGE = YES_ERROR;
				CLANG_WARN_DOCUMENTATION_COMMENTS = YES;
				CLANG_WARN_EMPTY_BODY = YES;
				CLANG_WARN_ENUM_CONVERSION = YES;
				CLANG_WARN_INFINITE_RECURSION = YES;
				CLANG_WARN_INT_CONVERSION = YES;
				CLANG_WARN_NON_LITERAL_NULL_CONVERSION = YES;
				CLANG_WARN_OBJC_IMPLICIT_RETAIN_SELF = YES;
				CLANG_WARN_OBJC_LITERAL_CONVERSION = YES;
				CLANG_WARN_OBJC_ROOT_CLASS = YES_ERROR;
				CLANG_WARN_RANGE_LOOP_ANALYSIS = YES;
				CLANG_WARN_STRICT_PROTOTYPES = YES;
				CLANG_WARN_SUSPICIOUS_MOVE = YES;
				CLANG_WARN_UNGUARDED_AVAILABILITY = YES_AGGRESSIVE;
				CLANG_WARN_UNREACHABLE_CODE = YES;
				CLANG_WARN__DUPLICATE_METHOD_MATCH = YES;
				CODE_SIGN_IDENTITY = "iPhone Developer";
				COPY_PHASE_STRIP = NO;
				DEBUG_INFORMATION_FORMAT = dwarf;
				ENABLE_STRICT_OBJC_MSGSEND = YES;
				ENABLE_TESTABILITY = YES;
				GCC_C_LANGUAGE_STANDARD = gnu11;
				GCC_DYNAMIC_NO_PIC = NO;
				GCC_NO_COMMON_BLOCKS = YES;
				GCC_OPTIMIZATION_LEVEL = 0;
				GCC_PREPROCESSOR_DEFINITIONS = (
					"DEBUG=1",
					"$(inherited)",
				);
				GCC_WARN_64_TO_32_BIT_CONVERSION = YES;
				GCC_WARN_ABOUT_RETURN_TYPE = YES_ERROR;
				GCC_WARN_UNDECLARED_SELECTOR = YES;
				GCC_WARN_UNINITIALIZED_AUTOS = YES_AGGRESSIVE;
				GCC_WARN_UNUSED_FUNCTION = YES;
				GCC_WARN_UNUSED_VARIABLE = YES;
				IPHONEOS_DEPLOYMENT_TARGET = 11.4;
				MTL_ENABLE_DEBUG_INFO = YES;
				ONLY_ACTIVE_ARCH = YES;
				SDKROOT = iphoneos;
				SWIFT_ACTIVE_COMPILATION_CONDITIONS = DEBUG;
				SWIFT_OPTIMIZATION_LEVEL = "-Onone";
			};
			name = Debug;
		};
		A758C54C2114342400C2DDC3 /* Release */ = {
			isa = XCBuildConfiguration;
			buildSettings = {
				ALWAYS_SEARCH_USER_PATHS = NO;
				CLANG_ANALYZER_NONNULL = YES;
				CLANG_ANALYZER_NUMBER_OBJECT_CONVERSION = YES_AGGRESSIVE;
				CLANG_CXX_LANGUAGE_STANDARD = "gnu++14";
				CLANG_CXX_LIBRARY = "libc++";
				CLANG_ENABLE_MODULES = YES;
				CLANG_ENABLE_OBJC_ARC = YES;
				CLANG_ENABLE_OBJC_WEAK = YES;
				CLANG_WARN_BLOCK_CAPTURE_AUTORELEASING = YES;
				CLANG_WARN_BOOL_CONVERSION = YES;
				CLANG_WARN_COMMA = YES;
				CLANG_WARN_CONSTANT_CONVERSION = YES;
				CLANG_WARN_DEPRECATED_OBJC_IMPLEMENTATIONS = YES;
				CLANG_WARN_DIRECT_OBJC_ISA_USAGE = YES_ERROR;
				CLANG_WARN_DOCUMENTATION_COMMENTS = YES;
				CLANG_WARN_EMPTY_BODY = YES;
				CLANG_WARN_ENUM_CONVERSION = YES;
				CLANG_WARN_INFINITE_RECURSION = YES;
				CLANG_WARN_INT_CONVERSION = YES;
				CLANG_WARN_NON_LITERAL_NULL_CONVERSION = YES;
				CLANG_WARN_OBJC_IMPLICIT_RETAIN_SELF = YES;
				CLANG_WARN_OBJC_LITERAL_CONVERSION = YES;
				CLANG_WARN_OBJC_ROOT_CLASS = YES_ERROR;
				CLANG_WARN_RANGE_LOOP_ANALYSIS = YES;
				CLANG_WARN_STRICT_PROTOTYPES = YES;
				CLANG_WARN_SUSPICIOUS_MOVE = YES;
				CLANG_WARN_UNGUARDED_AVAILABILITY = YES_AGGRESSIVE;
				CLANG_WARN_UNREACHABLE_CODE = YES;
				CLANG_WARN__DUPLICATE_METHOD_MATCH = YES;
				CODE_SIGN_IDENTITY = "iPhone Developer";
				COPY_PHASE_STRIP = NO;
				DEBUG_INFORMATION_FORMAT = "dwarf-with-dsym";
				ENABLE_NS_ASSERTIONS = NO;
				ENABLE_STRICT_OBJC_MSGSEND = YES;
				GCC_C_LANGUAGE_STANDARD = gnu11;
				GCC_NO_COMMON_BLOCKS = YES;
				GCC_WARN_64_TO_32_BIT_CONVERSION = YES;
				GCC_WARN_ABOUT_RETURN_TYPE = YES_ERROR;
				GCC_WARN_UNDECLARED_SELECTOR = YES;
				GCC_WARN_UNINITIALIZED_AUTOS = YES_AGGRESSIVE;
				GCC_WARN_UNUSED_FUNCTION = YES;
				GCC_WARN_UNUSED_VARIABLE = YES;
				IPHONEOS_DEPLOYMENT_TARGET = 11.4;
				MTL_ENABLE_DEBUG_INFO = NO;
				SDKROOT = iphoneos;
				SWIFT_COMPILATION_MODE = wholemodule;
				SWIFT_OPTIMIZATION_LEVEL = "-O";
				VALIDATE_PRODUCT = YES;
			};
			name = Release;
		};
		A758C54E2114342400C2DDC3 /* Debug */ = {
			isa = XCBuildConfiguration;
			baseConfigurationReference = D5E6CB7301A410546515447F /* Pods-baeminchan.debug.xcconfig */;
			buildSettings = {
				ASSETCATALOG_COMPILER_APPICON_NAME = AppIcon;
				CODE_SIGN_STYLE = Automatic;
				INFOPLIST_FILE = baeminchan/Info.plist;
				LD_RUNPATH_SEARCH_PATHS = "$(inherited) @executable_path/Frameworks";
				PRODUCT_BUNDLE_IDENTIFIER = GoldenShoe.baeminchan;
				PRODUCT_NAME = "$(TARGET_NAME)";
				SWIFT_VERSION = 4.0;
				TARGETED_DEVICE_FAMILY = "1,2";
			};
			name = Debug;
		};
		A758C54F2114342400C2DDC3 /* Release */ = {
			isa = XCBuildConfiguration;
			baseConfigurationReference = ECD9BE8317C34DD15381FDAA /* Pods-baeminchan.release.xcconfig */;
			buildSettings = {
				ASSETCATALOG_COMPILER_APPICON_NAME = AppIcon;
				CODE_SIGN_STYLE = Automatic;
				INFOPLIST_FILE = baeminchan/Info.plist;
				LD_RUNPATH_SEARCH_PATHS = "$(inherited) @executable_path/Frameworks";
				PRODUCT_BUNDLE_IDENTIFIER = GoldenShoe.baeminchan;
				PRODUCT_NAME = "$(TARGET_NAME)";
				SWIFT_VERSION = 4.0;
				TARGETED_DEVICE_FAMILY = "1,2";
			};
			name = Release;
		};
/* End XCBuildConfiguration section */

/* Begin XCConfigurationList section */
		A758C5362114342200C2DDC3 /* Build configuration list for PBXProject "baeminchan" */ = {
			isa = XCConfigurationList;
			buildConfigurations = (
				A758C54B2114342400C2DDC3 /* Debug */,
				A758C54C2114342400C2DDC3 /* Release */,
			);
			defaultConfigurationIsVisible = 0;
			defaultConfigurationName = Release;
		};
		A758C54D2114342400C2DDC3 /* Build configuration list for PBXNativeTarget "baeminchan" */ = {
			isa = XCConfigurationList;
			buildConfigurations = (
				A758C54E2114342400C2DDC3 /* Debug */,
				A758C54F2114342400C2DDC3 /* Release */,
			);
			defaultConfigurationIsVisible = 0;
			defaultConfigurationName = Release;
		};
/* End XCConfigurationList section */
	};
	rootObject = A758C5332114342200C2DDC3 /* Project object */;
}
